# This file is automatically @generated by Cargo.
# It is not intended for manual editing.
version = 3

[[package]]
name = "arrow-schema"
version = "53.4.1"
source = "registry+https://github.com/rust-lang/crates.io-index"
checksum = "35b0f9c0c3582dd55db0f136d3b44bfa0189df07adcf7dc7f2f2e74db0f52eb8"

[[package]]
name = "ehdb-catalog"
version = "0.1.0"
dependencies = [
 "ehdb-core",
]

[[package]]
name = "ehdb-core"
version = "0.1.0"
dependencies = [
 "arrow-schema",
]

[[package]]
name = "ehdb-retrieval"
version = "0.1.0"
dependencies = [
 "ehdb-core",
]

[[package]]
name = "ehdb-storage"
version = "0.1.0"
dependencies = [
 "ehdb-core",
]

[[package]]
name = "ehdb-stream"
version = "0.1.0"
dependencies = [
 "ehdb-core",
]
